// !$*UTF8*$!
{
	archiveVersion = 1;
	classes = {
	};
	objectVersion = 56;
	objects = {

/* Begin PBXBuildFile section */
		B40438AA2C39B6BF00A0921F /* Event.swift in Sources */ = {isa = PBXBuildFile; fileRef = B465B0BA2C201E0B00C734E9 /* Event.swift */; };
		B46491282C39846400152BFD /* WidgetKit.framework in Frameworks */ = {isa = PBXBuildFile; fileRef = B46491042C31C30900152BFD /* WidgetKit.framework */; };
		B46491292C39846400152BFD /* SwiftUI.framework in Frameworks */ = {isa = PBXBuildFile; fileRef = B46491062C31C30900152BFD /* SwiftUI.framework */; };
		B464912C2C39846400152BFD /* KeeperWidgetLiveActivity.swift in Sources */ = {isa = PBXBuildFile; fileRef = B464912B2C39846400152BFD /* KeeperWidgetLiveActivity.swift */; };
		B464912E2C39846400152BFD /* KeeperWidgetBundle.swift in Sources */ = {isa = PBXBuildFile; fileRef = B464912D2C39846400152BFD /* KeeperWidgetBundle.swift */; };
		B46491302C39846400152BFD /* KeeperWidgetControl.swift in Sources */ = {isa = PBXBuildFile; fileRef = B464912F2C39846400152BFD /* KeeperWidgetControl.swift */; };
		B46491322C39846400152BFD /* KeeperWidget.swift in Sources */ = {isa = PBXBuildFile; fileRef = B46491312C39846400152BFD /* KeeperWidget.swift */; };
		B46491342C39846400152BFD /* AppIntent.swift in Sources */ = {isa = PBXBuildFile; fileRef = B46491332C39846400152BFD /* AppIntent.swift */; };
		B46491362C39846500152BFD /* Assets.xcassets in Resources */ = {isa = PBXBuildFile; fileRef = B46491352C39846500152BFD /* Assets.xcassets */; };
		B464913A2C39846500152BFD /* KeeperWidgetExtension.appex in Embed Foundation Extensions */ = {isa = PBXBuildFile; fileRef = B46491272C39846400152BFD /* KeeperWidgetExtension.appex */; settings = {ATTRIBUTES = (RemoveHeadersOnCopy, ); }; };
		B465B08E2C20044E00C734E9 /* TimeKeeperApp.swift in Sources */ = {isa = PBXBuildFile; fileRef = B465B08D2C20044E00C734E9 /* TimeKeeperApp.swift */; };
		B465B0902C20044E00C734E9 /* TimeKeeperView.swift in Sources */ = {isa = PBXBuildFile; fileRef = B465B08F2C20044E00C734E9 /* TimeKeeperView.swift */; };
		B465B0922C20044F00C734E9 /* Assets.xcassets in Resources */ = {isa = PBXBuildFile; fileRef = B465B0912C20044F00C734E9 /* Assets.xcassets */; };
		B465B0962C20044F00C734E9 /* Preview Assets.xcassets in Resources */ = {isa = PBXBuildFile; fileRef = B465B0952C20044F00C734E9 /* Preview Assets.xcassets */; };
		B465B0A02C20044F00C734E9 /* TimeKeeperTests.swift in Sources */ = {isa = PBXBuildFile; fileRef = B465B09F2C20044F00C734E9 /* TimeKeeperTests.swift */; };
		B465B0AA2C20044F00C734E9 /* TimeKeeperUITests.swift in Sources */ = {isa = PBXBuildFile; fileRef = B465B0A92C20044F00C734E9 /* TimeKeeperUITests.swift */; };
		B465B0AC2C20044F00C734E9 /* TimeKeeperUITestsLaunchTests.swift in Sources */ = {isa = PBXBuildFile; fileRef = B465B0AB2C20044F00C734E9 /* TimeKeeperUITestsLaunchTests.swift */; };
		B465B0B92C200CA500C734E9 /* EventView.swift in Sources */ = {isa = PBXBuildFile; fileRef = B465B0B82C200CA500C734E9 /* EventView.swift */; };
		B465B0BB2C201E0B00C734E9 /* Event.swift in Sources */ = {isa = PBXBuildFile; fileRef = B465B0BA2C201E0B00C734E9 /* Event.swift */; };
		B465B0BD2C2053D900C734E9 /* EventDetailView.swift in Sources */ = {isa = PBXBuildFile; fileRef = B465B0BC2C2053D900C734E9 /* EventDetailView.swift */; };
		B465B0BF2C2055F300C734E9 /* NewEventView.swift in Sources */ = {isa = PBXBuildFile; fileRef = B465B0BE2C2055F300C734E9 /* NewEventView.swift */; };
		B465B0C52C21A5EB00C734E9 /* DataController.swift in Sources */ = {isa = PBXBuildFile; fileRef = B465B0C42C21A5EB00C734E9 /* DataController.swift */; };
		B465B0C72C21DAA700C734E9 /* Offset.swift in Sources */ = {isa = PBXBuildFile; fileRef = B465B0C62C21DAA700C734E9 /* Offset.swift */; };
		B47371A42C39D4F700F1BCD7 /* EventCardView.swift in Sources */ = {isa = PBXBuildFile; fileRef = B47371A32C39D4F700F1BCD7 /* EventCardView.swift */; };
		B47371A52C3AC8D300F1BCD7 /* EventCardView.swift in Sources */ = {isa = PBXBuildFile; fileRef = B47371A32C39D4F700F1BCD7 /* EventCardView.swift */; };
		B47371A62C3AC8E100F1BCD7 /* Offset.swift in Sources */ = {isa = PBXBuildFile; fileRef = B465B0C62C21DAA700C734E9 /* Offset.swift */; };
		B4A6BC822C46EA65007047C9 /* Color+Extension.swift in Sources */ = {isa = PBXBuildFile; fileRef = B4A6BC812C46EA65007047C9 /* Color+Extension.swift */; };
		B4A6BC832C470425007047C9 /* Color+Extension.swift in Sources */ = {isa = PBXBuildFile; fileRef = B4A6BC812C46EA65007047C9 /* Color+Extension.swift */; };
/* End PBXBuildFile section */

/* Begin PBXContainerItemProxy section */
		B46491382C39846500152BFD /* PBXContainerItemProxy */ = {
			isa = PBXContainerItemProxy;
			containerPortal = B465B0822C20044D00C734E9 /* Project object */;
			proxyType = 1;
			remoteGlobalIDString = B46491262C39846400152BFD;
			remoteInfo = KeeperWidgetExtension;
		};
		B465B09C2C20044F00C734E9 /* PBXContainerItemProxy */ = {
			isa = PBXContainerItemProxy;
			containerPortal = B465B0822C20044D00C734E9 /* Project object */;
			proxyType = 1;
			remoteGlobalIDString = B465B0892C20044D00C734E9;
			remoteInfo = TimeKeeper;
		};
		B465B0A62C20044F00C734E9 /* PBXContainerItemProxy */ = {
			isa = PBXContainerItemProxy;
			containerPortal = B465B0822C20044D00C734E9 /* Project object */;
			proxyType = 1;
			remoteGlobalIDString = B465B0892C20044D00C734E9;
			remoteInfo = TimeKeeper;
		};
/* End PBXContainerItemProxy section */

/* Begin PBXCopyFilesBuildPhase section */
		B46491192C31C30A00152BFD /* Embed Foundation Extensions */ = {
			isa = PBXCopyFilesBuildPhase;
			buildActionMask = 2147483647;
			dstPath = "";
			dstSubfolderSpec = 13;
			files = (
				B464913A2C39846500152BFD /* KeeperWidgetExtension.appex in Embed Foundation Extensions */,
			);
			name = "Embed Foundation Extensions";
			runOnlyForDeploymentPostprocessing = 0;
		};
/* End PBXCopyFilesBuildPhase section */

/* Begin PBXFileReference section */
		B46491042C31C30900152BFD /* WidgetKit.framework */ = {isa = PBXFileReference; lastKnownFileType = wrapper.framework; name = WidgetKit.framework; path = System/Library/Frameworks/WidgetKit.framework; sourceTree = SDKROOT; };
		B46491062C31C30900152BFD /* SwiftUI.framework */ = {isa = PBXFileReference; lastKnownFileType = wrapper.framework; name = SwiftUI.framework; path = System/Library/Frameworks/SwiftUI.framework; sourceTree = SDKROOT; };
		B46491092C31C30900152BFD /* KeeperWidgetLiveActivity.swift */ = {isa = PBXFileReference; lastKnownFileType = sourcecode.swift; path = KeeperWidgetLiveActivity.swift; sourceTree = "<group>"; };
		B464910B2C31C30900152BFD /* KeeperWidgetBundle.swift */ = {isa = PBXFileReference; lastKnownFileType = sourcecode.swift; path = KeeperWidgetBundle.swift; sourceTree = "<group>"; };
		B464910D2C31C30900152BFD /* KeeperWidgetControl.swift */ = {isa = PBXFileReference; lastKnownFileType = sourcecode.swift; path = KeeperWidgetControl.swift; sourceTree = "<group>"; };
		B464910F2C31C30900152BFD /* KeeperWidget.swift */ = {isa = PBXFileReference; lastKnownFileType = sourcecode.swift; path = KeeperWidget.swift; sourceTree = "<group>"; };
		B46491112C31C30900152BFD /* AppIntent.swift */ = {isa = PBXFileReference; lastKnownFileType = sourcecode.swift; path = AppIntent.swift; sourceTree = "<group>"; };
		B46491132C31C30A00152BFD /* Assets.xcassets */ = {isa = PBXFileReference; lastKnownFileType = folder.assetcatalog; path = Assets.xcassets; sourceTree = "<group>"; };
		B46491152C31C30A00152BFD /* Info.plist */ = {isa = PBXFileReference; lastKnownFileType = text.plist.xml; path = Info.plist; sourceTree = "<group>"; };
		B46491272C39846400152BFD /* KeeperWidgetExtension.appex */ = {isa = PBXFileReference; explicitFileType = "wrapper.app-extension"; includeInIndex = 0; path = KeeperWidgetExtension.appex; sourceTree = BUILT_PRODUCTS_DIR; };
		B464912B2C39846400152BFD /* KeeperWidgetLiveActivity.swift */ = {isa = PBXFileReference; lastKnownFileType = sourcecode.swift; path = KeeperWidgetLiveActivity.swift; sourceTree = "<group>"; };
		B464912D2C39846400152BFD /* KeeperWidgetBundle.swift */ = {isa = PBXFileReference; lastKnownFileType = sourcecode.swift; path = KeeperWidgetBundle.swift; sourceTree = "<group>"; };
		B464912F2C39846400152BFD /* KeeperWidgetControl.swift */ = {isa = PBXFileReference; lastKnownFileType = sourcecode.swift; path = KeeperWidgetControl.swift; sourceTree = "<group>"; };
		B46491312C39846400152BFD /* KeeperWidget.swift */ = {isa = PBXFileReference; lastKnownFileType = sourcecode.swift; path = KeeperWidget.swift; sourceTree = "<group>"; };
		B46491332C39846400152BFD /* AppIntent.swift */ = {isa = PBXFileReference; lastKnownFileType = sourcecode.swift; path = AppIntent.swift; sourceTree = "<group>"; };
		B46491352C39846500152BFD /* Assets.xcassets */ = {isa = PBXFileReference; lastKnownFileType = folder.assetcatalog; path = Assets.xcassets; sourceTree = "<group>"; };
		B46491372C39846500152BFD /* Info.plist */ = {isa = PBXFileReference; lastKnownFileType = text.plist.xml; path = Info.plist; sourceTree = "<group>"; };
		B465B08A2C20044E00C734E9 /* TimeKeeper.app */ = {isa = PBXFileReference; explicitFileType = wrapper.application; includeInIndex = 0; path = TimeKeeper.app; sourceTree = BUILT_PRODUCTS_DIR; };
		B465B08D2C20044E00C734E9 /* TimeKeeperApp.swift */ = {isa = PBXFileReference; lastKnownFileType = sourcecode.swift; path = TimeKeeperApp.swift; sourceTree = "<group>"; };
		B465B08F2C20044E00C734E9 /* TimeKeeperView.swift */ = {isa = PBXFileReference; lastKnownFileType = sourcecode.swift; path = TimeKeeperView.swift; sourceTree = "<group>"; };
		B465B0912C20044F00C734E9 /* Assets.xcassets */ = {isa = PBXFileReference; lastKnownFileType = folder.assetcatalog; path = Assets.xcassets; sourceTree = "<group>"; };
		B465B0932C20044F00C734E9 /* TimeKeeper.entitlements */ = {isa = PBXFileReference; lastKnownFileType = text.plist.entitlements; path = TimeKeeper.entitlements; sourceTree = "<group>"; };
		B465B0952C20044F00C734E9 /* Preview Assets.xcassets */ = {isa = PBXFileReference; lastKnownFileType = folder.assetcatalog; path = "Preview Assets.xcassets"; sourceTree = "<group>"; };
		B465B09B2C20044F00C734E9 /* TimeKeeperTests.xctest */ = {isa = PBXFileReference; explicitFileType = wrapper.cfbundle; includeInIndex = 0; path = TimeKeeperTests.xctest; sourceTree = BUILT_PRODUCTS_DIR; };
		B465B09F2C20044F00C734E9 /* TimeKeeperTests.swift */ = {isa = PBXFileReference; lastKnownFileType = sourcecode.swift; path = TimeKeeperTests.swift; sourceTree = "<group>"; };
		B465B0A52C20044F00C734E9 /* TimeKeeperUITests.xctest */ = {isa = PBXFileReference; explicitFileType = wrapper.cfbundle; includeInIndex = 0; path = TimeKeeperUITests.xctest; sourceTree = BUILT_PRODUCTS_DIR; };
		B465B0A92C20044F00C734E9 /* TimeKeeperUITests.swift */ = {isa = PBXFileReference; lastKnownFileType = sourcecode.swift; path = TimeKeeperUITests.swift; sourceTree = "<group>"; };
		B465B0AB2C20044F00C734E9 /* TimeKeeperUITestsLaunchTests.swift */ = {isa = PBXFileReference; lastKnownFileType = sourcecode.swift; path = TimeKeeperUITestsLaunchTests.swift; sourceTree = "<group>"; };
		B465B0B82C200CA500C734E9 /* EventView.swift */ = {isa = PBXFileReference; lastKnownFileType = sourcecode.swift; path = EventView.swift; sourceTree = "<group>"; };
		B465B0BA2C201E0B00C734E9 /* Event.swift */ = {isa = PBXFileReference; lastKnownFileType = sourcecode.swift; path = Event.swift; sourceTree = "<group>"; };
		B465B0BC2C2053D900C734E9 /* EventDetailView.swift */ = {isa = PBXFileReference; lastKnownFileType = sourcecode.swift; path = EventDetailView.swift; sourceTree = "<group>"; };
		B465B0BE2C2055F300C734E9 /* NewEventView.swift */ = {isa = PBXFileReference; lastKnownFileType = sourcecode.swift; path = NewEventView.swift; sourceTree = "<group>"; };
		B465B0C42C21A5EB00C734E9 /* DataController.swift */ = {isa = PBXFileReference; lastKnownFileType = sourcecode.swift; path = DataController.swift; sourceTree = "<group>"; };
		B465B0C62C21DAA700C734E9 /* Offset.swift */ = {isa = PBXFileReference; lastKnownFileType = sourcecode.swift; path = Offset.swift; sourceTree = "<group>"; };
		B47371A32C39D4F700F1BCD7 /* EventCardView.swift */ = {isa = PBXFileReference; lastKnownFileType = sourcecode.swift; path = EventCardView.swift; sourceTree = "<group>"; };
		B4A6BC812C46EA65007047C9 /* Color+Extension.swift */ = {isa = PBXFileReference; lastKnownFileType = sourcecode.swift; path = "Color+Extension.swift"; sourceTree = "<group>"; };
		B4CF07702C3ADEA800A34CF4 /* KeeperWidgetExtension.entitlements */ = {isa = PBXFileReference; lastKnownFileType = text.plist.entitlements; path = KeeperWidgetExtension.entitlements; sourceTree = "<group>"; };
/* End PBXFileReference section */

/* Begin PBXFrameworksBuildPhase section */
		B46491242C39846400152BFD /* Frameworks */ = {
			isa = PBXFrameworksBuildPhase;
			buildActionMask = 2147483647;
			files = (
				B46491292C39846400152BFD /* SwiftUI.framework in Frameworks */,
				B46491282C39846400152BFD /* WidgetKit.framework in Frameworks */,
			);
			runOnlyForDeploymentPostprocessing = 0;
		};
		B465B0872C20044D00C734E9 /* Frameworks */ = {
			isa = PBXFrameworksBuildPhase;
			buildActionMask = 2147483647;
			files = (
			);
			runOnlyForDeploymentPostprocessing = 0;
		};
		B465B0982C20044F00C734E9 /* Frameworks */ = {
			isa = PBXFrameworksBuildPhase;
			buildActionMask = 2147483647;
			files = (
			);
			runOnlyForDeploymentPostprocessing = 0;
		};
		B465B0A22C20044F00C734E9 /* Frameworks */ = {
			isa = PBXFrameworksBuildPhase;
			buildActionMask = 2147483647;
			files = (
			);
			runOnlyForDeploymentPostprocessing = 0;
		};
/* End PBXFrameworksBuildPhase section */

/* Begin PBXGroup section */
		B46491032C31C30900152BFD /* Frameworks */ = {
			isa = PBXGroup;
			children = (
				B46491042C31C30900152BFD /* WidgetKit.framework */,
				B46491062C31C30900152BFD /* SwiftUI.framework */,
			);
			name = Frameworks;
			sourceTree = "<group>";
		};
		B46491082C31C30900152BFD /* KeeperWidget */ = {
			isa = PBXGroup;
			children = (
				B46491092C31C30900152BFD /* KeeperWidgetLiveActivity.swift */,
				B464910B2C31C30900152BFD /* KeeperWidgetBundle.swift */,
				B464910D2C31C30900152BFD /* KeeperWidgetControl.swift */,
				B464910F2C31C30900152BFD /* KeeperWidget.swift */,
				B46491112C31C30900152BFD /* AppIntent.swift */,
				B46491132C31C30A00152BFD /* Assets.xcassets */,
				B46491152C31C30A00152BFD /* Info.plist */,
			);
			path = KeeperWidget;
			sourceTree = "<group>";
		};
		B464912A2C39846400152BFD /* KeeperWidget */ = {
			isa = PBXGroup;
			children = (
				B464912B2C39846400152BFD /* KeeperWidgetLiveActivity.swift */,
				B464912D2C39846400152BFD /* KeeperWidgetBundle.swift */,
				B464912F2C39846400152BFD /* KeeperWidgetControl.swift */,
				B46491312C39846400152BFD /* KeeperWidget.swift */,
				B46491332C39846400152BFD /* AppIntent.swift */,
				B46491352C39846500152BFD /* Assets.xcassets */,
				B46491372C39846500152BFD /* Info.plist */,
			);
			path = KeeperWidget;
			sourceTree = "<group>";
		};
		B465B0812C20044D00C734E9 = {
			isa = PBXGroup;
			children = (
				B4CF07702C3ADEA800A34CF4 /* KeeperWidgetExtension.entitlements */,
				B465B08C2C20044E00C734E9 /* TimeKeeper */,
				B465B09E2C20044F00C734E9 /* TimeKeeperTests */,
				B465B0A82C20044F00C734E9 /* TimeKeeperUITests */,
				B46491082C31C30900152BFD /* KeeperWidget */,
				B464912A2C39846400152BFD /* KeeperWidget */,
				B46491032C31C30900152BFD /* Frameworks */,
				B465B08B2C20044E00C734E9 /* Products */,
			);
			sourceTree = "<group>";
		};
		B465B08B2C20044E00C734E9 /* Products */ = {
			isa = PBXGroup;
			children = (
				B465B08A2C20044E00C734E9 /* TimeKeeper.app */,
				B465B09B2C20044F00C734E9 /* TimeKeeperTests.xctest */,
				B465B0A52C20044F00C734E9 /* TimeKeeperUITests.xctest */,
				B46491272C39846400152BFD /* KeeperWidgetExtension.appex */,
			);
			name = Products;
			sourceTree = "<group>";
		};
		B465B08C2C20044E00C734E9 /* TimeKeeper */ = {
			isa = PBXGroup;
			children = (
				B4A6BC802C46EA51007047C9 /* Extension */,
				B465B0C32C21A5DE00C734E9 /* Helper */,
				B465B08D2C20044E00C734E9 /* TimeKeeperApp.swift */,
				B465B08F2C20044E00C734E9 /* TimeKeeperView.swift */,
				B465B0912C20044F00C734E9 /* Assets.xcassets */,
				B465B0B82C200CA500C734E9 /* EventView.swift */,
				B465B0932C20044F00C734E9 /* TimeKeeper.entitlements */,
				B465B0942C20044F00C734E9 /* Preview Content */,
				B465B0BA2C201E0B00C734E9 /* Event.swift */,
				B465B0BC2C2053D900C734E9 /* EventDetailView.swift */,
				B465B0BE2C2055F300C734E9 /* NewEventView.swift */,
				B465B0C62C21DAA700C734E9 /* Offset.swift */,
				B47371A32C39D4F700F1BCD7 /* EventCardView.swift */,
			);
			path = TimeKeeper;
			sourceTree = "<group>";
		};
		B465B0942C20044F00C734E9 /* Preview Content */ = {
			isa = PBXGroup;
			children = (
				B465B0952C20044F00C734E9 /* Preview Assets.xcassets */,
			);
			path = "Preview Content";
			sourceTree = "<group>";
		};
		B465B09E2C20044F00C734E9 /* TimeKeeperTests */ = {
			isa = PBXGroup;
			children = (
				B465B09F2C20044F00C734E9 /* TimeKeeperTests.swift */,
			);
			path = TimeKeeperTests;
			sourceTree = "<group>";
		};
		B465B0A82C20044F00C734E9 /* TimeKeeperUITests */ = {
			isa = PBXGroup;
			children = (
				B465B0A92C20044F00C734E9 /* TimeKeeperUITests.swift */,
				B465B0AB2C20044F00C734E9 /* TimeKeeperUITestsLaunchTests.swift */,
			);
			path = TimeKeeperUITests;
			sourceTree = "<group>";
		};
		B465B0C32C21A5DE00C734E9 /* Helper */ = {
			isa = PBXGroup;
			children = (
				B465B0C42C21A5EB00C734E9 /* DataController.swift */,
			);
			path = Helper;
			sourceTree = "<group>";
		};
		B4A6BC802C46EA51007047C9 /* Extension */ = {
			isa = PBXGroup;
			children = (
				B4A6BC812C46EA65007047C9 /* Color+Extension.swift */,
			);
			path = Extension;
			sourceTree = "<group>";
		};
/* End PBXGroup section */

/* Begin PBXNativeTarget section */
		B46491262C39846400152BFD /* KeeperWidgetExtension */ = {
			isa = PBXNativeTarget;
			buildConfigurationList = B464913B2C39846500152BFD /* Build configuration list for PBXNativeTarget "KeeperWidgetExtension" */;
			buildPhases = (
				B46491232C39846400152BFD /* Sources */,
				B46491242C39846400152BFD /* Frameworks */,
				B46491252C39846400152BFD /* Resources */,
			);
			buildRules = (
			);
			dependencies = (
			);
			name = KeeperWidgetExtension;
			productName = KeeperWidgetExtension;
			productReference = B46491272C39846400152BFD /* KeeperWidgetExtension.appex */;
			productType = "com.apple.product-type.app-extension";
		};
		B465B0892C20044D00C734E9 /* TimeKeeper */ = {
			isa = PBXNativeTarget;
			buildConfigurationList = B465B0AF2C20044F00C734E9 /* Build configuration list for PBXNativeTarget "TimeKeeper" */;
			buildPhases = (
				B465B0862C20044D00C734E9 /* Sources */,
				B465B0872C20044D00C734E9 /* Frameworks */,
				B465B0882C20044D00C734E9 /* Resources */,
				B46491192C31C30A00152BFD /* Embed Foundation Extensions */,
			);
			buildRules = (
			);
			dependencies = (
				B46491392C39846500152BFD /* PBXTargetDependency */,
			);
			name = TimeKeeper;
			productName = TimeKeeper;
			productReference = B465B08A2C20044E00C734E9 /* TimeKeeper.app */;
			productType = "com.apple.product-type.application";
		};
		B465B09A2C20044F00C734E9 /* TimeKeeperTests */ = {
			isa = PBXNativeTarget;
			buildConfigurationList = B465B0B22C20044F00C734E9 /* Build configuration list for PBXNativeTarget "TimeKeeperTests" */;
			buildPhases = (
				B465B0972C20044F00C734E9 /* Sources */,
				B465B0982C20044F00C734E9 /* Frameworks */,
				B465B0992C20044F00C734E9 /* Resources */,
			);
			buildRules = (
			);
			dependencies = (
				B465B09D2C20044F00C734E9 /* PBXTargetDependency */,
			);
			name = TimeKeeperTests;
			productName = TimeKeeperTests;
			productReference = B465B09B2C20044F00C734E9 /* TimeKeeperTests.xctest */;
			productType = "com.apple.product-type.bundle.unit-test";
		};
		B465B0A42C20044F00C734E9 /* TimeKeeperUITests */ = {
			isa = PBXNativeTarget;
			buildConfigurationList = B465B0B52C20044F00C734E9 /* Build configuration list for PBXNativeTarget "TimeKeeperUITests" */;
			buildPhases = (
				B465B0A12C20044F00C734E9 /* Sources */,
				B465B0A22C20044F00C734E9 /* Frameworks */,
				B465B0A32C20044F00C734E9 /* Resources */,
			);
			buildRules = (
			);
			dependencies = (
				B465B0A72C20044F00C734E9 /* PBXTargetDependency */,
			);
			name = TimeKeeperUITests;
			productName = TimeKeeperUITests;
			productReference = B465B0A52C20044F00C734E9 /* TimeKeeperUITests.xctest */;
			productType = "com.apple.product-type.bundle.ui-testing";
		};
/* End PBXNativeTarget section */

/* Begin PBXProject section */
		B465B0822C20044D00C734E9 /* Project object */ = {
			isa = PBXProject;
			attributes = {
				BuildIndependentTargetsInParallel = 1;
				LastSwiftUpdateCheck = 1600;
				LastUpgradeCheck = 1600;
				TargetAttributes = {
					B46491262C39846400152BFD = {
						CreatedOnToolsVersion = 16.0;
					};
					B465B0892C20044D00C734E9 = {
						CreatedOnToolsVersion = 15.2;
					};
					B465B09A2C20044F00C734E9 = {
						CreatedOnToolsVersion = 15.2;
						TestTargetID = B465B0892C20044D00C734E9;
					};
					B465B0A42C20044F00C734E9 = {
						CreatedOnToolsVersion = 15.2;
						TestTargetID = B465B0892C20044D00C734E9;
					};
				};
			};
			buildConfigurationList = B465B0852C20044D00C734E9 /* Build configuration list for PBXProject "TimeKeeper" */;
			compatibilityVersion = "Xcode 14.0";
			developmentRegion = en;
			hasScannedForEncodings = 0;
			knownRegions = (
				en,
				Base,
			);
			mainGroup = B465B0812C20044D00C734E9;
			productRefGroup = B465B08B2C20044E00C734E9 /* Products */;
			projectDirPath = "";
			projectRoot = "";
			targets = (
				B465B0892C20044D00C734E9 /* TimeKeeper */,
				B465B09A2C20044F00C734E9 /* TimeKeeperTests */,
				B465B0A42C20044F00C734E9 /* TimeKeeperUITests */,
				B46491262C39846400152BFD /* KeeperWidgetExtension */,
			);
		};
/* End PBXProject section */

/* Begin PBXResourcesBuildPhase section */
		B46491252C39846400152BFD /* Resources */ = {
			isa = PBXResourcesBuildPhase;
			buildActionMask = 2147483647;
			files = (
				B46491362C39846500152BFD /* Assets.xcassets in Resources */,
			);
			runOnlyForDeploymentPostprocessing = 0;
		};
		B465B0882C20044D00C734E9 /* Resources */ = {
			isa = PBXResourcesBuildPhase;
			buildActionMask = 2147483647;
			files = (
				B465B0962C20044F00C734E9 /* Preview Assets.xcassets in Resources */,
				B465B0922C20044F00C734E9 /* Assets.xcassets in Resources */,
			);
			runOnlyForDeploymentPostprocessing = 0;
		};
		B465B0992C20044F00C734E9 /* Resources */ = {
			isa = PBXResourcesBuildPhase;
			buildActionMask = 2147483647;
			files = (
			);
			runOnlyForDeploymentPostprocessing = 0;
		};
		B465B0A32C20044F00C734E9 /* Resources */ = {
			isa = PBXResourcesBuildPhase;
			buildActionMask = 2147483647;
			files = (
			);
			runOnlyForDeploymentPostprocessing = 0;
		};
/* End PBXResourcesBuildPhase section */

/* Begin PBXSourcesBuildPhase section */
		B46491232C39846400152BFD /* Sources */ = {
			isa = PBXSourcesBuildPhase;
			buildActionMask = 2147483647;
			files = (
				B47371A52C3AC8D300F1BCD7 /* EventCardView.swift in Sources */,
				B4A6BC832C470425007047C9 /* Color+Extension.swift in Sources */,
				B464912C2C39846400152BFD /* KeeperWidgetLiveActivity.swift in Sources */,
				B46491322C39846400152BFD /* KeeperWidget.swift in Sources */,
				B46491342C39846400152BFD /* AppIntent.swift in Sources */,
				B464912E2C39846400152BFD /* KeeperWidgetBundle.swift in Sources */,
				B40438AA2C39B6BF00A0921F /* Event.swift in Sources */,
				B47371A62C3AC8E100F1BCD7 /* Offset.swift in Sources */,
				B46491302C39846400152BFD /* KeeperWidgetControl.swift in Sources */,
			);
			runOnlyForDeploymentPostprocessing = 0;
		};
		B465B0862C20044D00C734E9 /* Sources */ = {
			isa = PBXSourcesBuildPhase;
			buildActionMask = 2147483647;
			files = (
				B465B0C52C21A5EB00C734E9 /* DataController.swift in Sources */,
				B4A6BC822C46EA65007047C9 /* Color+Extension.swift in Sources */,
				B465B0BB2C201E0B00C734E9 /* Event.swift in Sources */,
				B465B0BD2C2053D900C734E9 /* EventDetailView.swift in Sources */,
				B47371A42C39D4F700F1BCD7 /* EventCardView.swift in Sources */,
				B465B0B92C200CA500C734E9 /* EventView.swift in Sources */,
				B465B0BF2C2055F300C734E9 /* NewEventView.swift in Sources */,
				B465B0902C20044E00C734E9 /* TimeKeeperView.swift in Sources */,
				B465B0C72C21DAA700C734E9 /* Offset.swift in Sources */,
				B465B08E2C20044E00C734E9 /* TimeKeeperApp.swift in Sources */,
			);
			runOnlyForDeploymentPostprocessing = 0;
		};
		B465B0972C20044F00C734E9 /* Sources */ = {
			isa = PBXSourcesBuildPhase;
			buildActionMask = 2147483647;
			files = (
				B465B0A02C20044F00C734E9 /* TimeKeeperTests.swift in Sources */,
			);
			runOnlyForDeploymentPostprocessing = 0;
		};
		B465B0A12C20044F00C734E9 /* Sources */ = {
			isa = PBXSourcesBuildPhase;
			buildActionMask = 2147483647;
			files = (
				B465B0AA2C20044F00C734E9 /* TimeKeeperUITests.swift in Sources */,
				B465B0AC2C20044F00C734E9 /* TimeKeeperUITestsLaunchTests.swift in Sources */,
			);
			runOnlyForDeploymentPostprocessing = 0;
		};
/* End PBXSourcesBuildPhase section */

/* Begin PBXTargetDependency section */
		B46491392C39846500152BFD /* PBXTargetDependency */ = {
			isa = PBXTargetDependency;
			target = B46491262C39846400152BFD /* KeeperWidgetExtension */;
			targetProxy = B46491382C39846500152BFD /* PBXContainerItemProxy */;
		};
		B465B09D2C20044F00C734E9 /* PBXTargetDependency */ = {
			isa = PBXTargetDependency;
			target = B465B0892C20044D00C734E9 /* TimeKeeper */;
			targetProxy = B465B09C2C20044F00C734E9 /* PBXContainerItemProxy */;
		};
		B465B0A72C20044F00C734E9 /* PBXTargetDependency */ = {
			isa = PBXTargetDependency;
			target = B465B0892C20044D00C734E9 /* TimeKeeper */;
			targetProxy = B465B0A62C20044F00C734E9 /* PBXContainerItemProxy */;
		};
/* End PBXTargetDependency section */

/* Begin XCBuildConfiguration section */
		B464913C2C39846500152BFD /* Debug */ = {
			isa = XCBuildConfiguration;
			buildSettings = {
				ASSETCATALOG_COMPILER_GLOBAL_ACCENT_COLOR_NAME = AccentColor;
				ASSETCATALOG_COMPILER_WIDGET_BACKGROUND_COLOR_NAME = WidgetBackground;
				CODE_SIGN_ENTITLEMENTS = KeeperWidgetExtension.entitlements;
				CODE_SIGN_STYLE = Automatic;
				CURRENT_PROJECT_VERSION = 1;
				DEVELOPMENT_TEAM = RE4SHLL9XY;
				GENERATE_INFOPLIST_FILE = YES;
				INFOPLIST_FILE = KeeperWidget/Info.plist;
				INFOPLIST_KEY_CFBundleDisplayName = KeeperWidget;
				INFOPLIST_KEY_NSHumanReadableCopyright = "";
				IPHONEOS_DEPLOYMENT_TARGET = 18.0;
				LD_RUNPATH_SEARCH_PATHS = (
					"$(inherited)",
					"@executable_path/Frameworks",
					"@executable_path/../../Frameworks",
				);
				MARKETING_VERSION = 1.0;
				PRODUCT_BUNDLE_IDENTIFIER = com.minaashna.TimeKeeper.KeeperWidget;
				PRODUCT_NAME = "$(TARGET_NAME)";
				SDKROOT = iphoneos;
				SKIP_INSTALL = YES;
				SWIFT_EMIT_LOC_STRINGS = YES;
				SWIFT_VERSION = 6.0;
				TARGETED_DEVICE_FAMILY = "1,2";
			};
			name = Debug;
		};
		B464913D2C39846500152BFD /* Release */ = {
			isa = XCBuildConfiguration;
			buildSettings = {
				ASSETCATALOG_COMPILER_GLOBAL_ACCENT_COLOR_NAME = AccentColor;
				ASSETCATALOG_COMPILER_WIDGET_BACKGROUND_COLOR_NAME = WidgetBackground;
				CODE_SIGN_ENTITLEMENTS = KeeperWidgetExtension.entitlements;
				CODE_SIGN_STYLE = Automatic;
				CURRENT_PROJECT_VERSION = 1;
				DEVELOPMENT_TEAM = RE4SHLL9XY;
				GENERATE_INFOPLIST_FILE = YES;
				INFOPLIST_FILE = KeeperWidget/Info.plist;
				INFOPLIST_KEY_CFBundleDisplayName = KeeperWidget;
				INFOPLIST_KEY_NSHumanReadableCopyright = "";
				IPHONEOS_DEPLOYMENT_TARGET = 18.0;
				LD_RUNPATH_SEARCH_PATHS = (
					"$(inherited)",
					"@executable_path/Frameworks",
					"@executable_path/../../Frameworks",
				);
				MARKETING_VERSION = 1.0;
				PRODUCT_BUNDLE_IDENTIFIER = com.minaashna.TimeKeeper.KeeperWidget;
				PRODUCT_NAME = "$(TARGET_NAME)";
				SDKROOT = iphoneos;
				SKIP_INSTALL = YES;
				SWIFT_EMIT_LOC_STRINGS = YES;
				SWIFT_VERSION = 6.0;
				TARGETED_DEVICE_FAMILY = "1,2";
				VALIDATE_PRODUCT = YES;
			};
			name = Release;
		};
		B465B0AD2C20044F00C734E9 /* Debug */ = {
			isa = XCBuildConfiguration;
			buildSettings = {
				ALWAYS_SEARCH_USER_PATHS = NO;
				ASSETCATALOG_COMPILER_GENERATE_SWIFT_ASSET_SYMBOL_EXTENSIONS = YES;
				CLANG_ANALYZER_NONNULL = YES;
				CLANG_ANALYZER_NUMBER_OBJECT_CONVERSION = YES_AGGRESSIVE;
				CLANG_CXX_LANGUAGE_STANDARD = "gnu++20";
				CLANG_ENABLE_MODULES = YES;
				CLANG_ENABLE_OBJC_ARC = YES;
				CLANG_ENABLE_OBJC_WEAK = YES;
				CLANG_WARN_BLOCK_CAPTURE_AUTORELEASING = YES;
				CLANG_WARN_BOOL_CONVERSION = YES;
				CLANG_WARN_COMMA = YES;
				CLANG_WARN_CONSTANT_CONVERSION = YES;
				CLANG_WARN_DEPRECATED_OBJC_IMPLEMENTATIONS = YES;
				CLANG_WARN_DIRECT_OBJC_ISA_USAGE = YES_ERROR;
				CLANG_WARN_DOCUMENTATION_COMMENTS = YES;
				CLANG_WARN_EMPTY_BODY = YES;
				CLANG_WARN_ENUM_CONVERSION = YES;
				CLANG_WARN_INFINITE_RECURSION = YES;
				CLANG_WARN_INT_CONVERSION = YES;
				CLANG_WARN_NON_LITERAL_NULL_CONVERSION = YES;
				CLANG_WARN_OBJC_IMPLICIT_RETAIN_SELF = YES;
				CLANG_WARN_OBJC_LITERAL_CONVERSION = YES;
				CLANG_WARN_OBJC_ROOT_CLASS = YES_ERROR;
				CLANG_WARN_QUOTED_INCLUDE_IN_FRAMEWORK_HEADER = YES;
				CLANG_WARN_RANGE_LOOP_ANALYSIS = YES;
				CLANG_WARN_STRICT_PROTOTYPES = YES;
				CLANG_WARN_SUSPICIOUS_MOVE = YES;
				CLANG_WARN_UNGUARDED_AVAILABILITY = YES_AGGRESSIVE;
				CLANG_WARN_UNREACHABLE_CODE = YES;
				CLANG_WARN__DUPLICATE_METHOD_MATCH = YES;
				COPY_PHASE_STRIP = NO;
				DEAD_CODE_STRIPPING = YES;
				DEBUG_INFORMATION_FORMAT = dwarf;
				ENABLE_STRICT_OBJC_MSGSEND = YES;
				ENABLE_TESTABILITY = YES;
				ENABLE_USER_SCRIPT_SANDBOXING = YES;
				GCC_C_LANGUAGE_STANDARD = gnu17;
				GCC_DYNAMIC_NO_PIC = NO;
				GCC_NO_COMMON_BLOCKS = YES;
				GCC_OPTIMIZATION_LEVEL = 0;
				GCC_PREPROCESSOR_DEFINITIONS = (
					"DEBUG=1",
					"$(inherited)",
				);
				GCC_WARN_64_TO_32_BIT_CONVERSION = YES;
				GCC_WARN_ABOUT_RETURN_TYPE = YES_ERROR;
				GCC_WARN_UNDECLARED_SELECTOR = YES;
				GCC_WARN_UNINITIALIZED_AUTOS = YES_AGGRESSIVE;
				GCC_WARN_UNUSED_FUNCTION = YES;
				GCC_WARN_UNUSED_VARIABLE = YES;
				LOCALIZATION_PREFERS_STRING_CATALOGS = YES;
				MTL_ENABLE_DEBUG_INFO = INCLUDE_SOURCE;
				MTL_FAST_MATH = YES;
				ONLY_ACTIVE_ARCH = YES;
				SWIFT_ACTIVE_COMPILATION_CONDITIONS = "DEBUG $(inherited)";
				SWIFT_OPTIMIZATION_LEVEL = "-Onone";
				SWIFT_UPCOMING_FEATURE_GLOBAL_CONCURRENCY = NO;
			};
			name = Debug;
		};
		B465B0AE2C20044F00C734E9 /* Release */ = {
			isa = XCBuildConfiguration;
			buildSettings = {
				ALWAYS_SEARCH_USER_PATHS = NO;
				ASSETCATALOG_COMPILER_GENERATE_SWIFT_ASSET_SYMBOL_EXTENSIONS = YES;
				CLANG_ANALYZER_NONNULL = YES;
				CLANG_ANALYZER_NUMBER_OBJECT_CONVERSION = YES_AGGRESSIVE;
				CLANG_CXX_LANGUAGE_STANDARD = "gnu++20";
				CLANG_ENABLE_MODULES = YES;
				CLANG_ENABLE_OBJC_ARC = YES;
				CLANG_ENABLE_OBJC_WEAK = YES;
				CLANG_WARN_BLOCK_CAPTURE_AUTORELEASING = YES;
				CLANG_WARN_BOOL_CONVERSION = YES;
				CLANG_WARN_COMMA = YES;
				CLANG_WARN_CONSTANT_CONVERSION = YES;
				CLANG_WARN_DEPRECATED_OBJC_IMPLEMENTATIONS = YES;
				CLANG_WARN_DIRECT_OBJC_ISA_USAGE = YES_ERROR;
				CLANG_WARN_DOCUMENTATION_COMMENTS = YES;
				CLANG_WARN_EMPTY_BODY = YES;
				CLANG_WARN_ENUM_CONVERSION = YES;
				CLANG_WARN_INFINITE_RECURSION = YES;
				CLANG_WARN_INT_CONVERSION = YES;
				CLANG_WARN_NON_LITERAL_NULL_CONVERSION = YES;
				CLANG_WARN_OBJC_IMPLICIT_RETAIN_SELF = YES;
				CLANG_WARN_OBJC_LITERAL_CONVERSION = YES;
				CLANG_WARN_OBJC_ROOT_CLASS = YES_ERROR;
				CLANG_WARN_QUOTED_INCLUDE_IN_FRAMEWORK_HEADER = YES;
				CLANG_WARN_RANGE_LOOP_ANALYSIS = YES;
				CLANG_WARN_STRICT_PROTOTYPES = YES;
				CLANG_WARN_SUSPICIOUS_MOVE = YES;
				CLANG_WARN_UNGUARDED_AVAILABILITY = YES_AGGRESSIVE;
				CLANG_WARN_UNREACHABLE_CODE = YES;
				CLANG_WARN__DUPLICATE_METHOD_MATCH = YES;
				COPY_PHASE_STRIP = NO;
				DEAD_CODE_STRIPPING = YES;
				DEBUG_INFORMATION_FORMAT = "dwarf-with-dsym";
				ENABLE_NS_ASSERTIONS = NO;
				ENABLE_STRICT_OBJC_MSGSEND = YES;
				ENABLE_USER_SCRIPT_SANDBOXING = YES;
				GCC_C_LANGUAGE_STANDARD = gnu17;
				GCC_NO_COMMON_BLOCKS = YES;
				GCC_WARN_64_TO_32_BIT_CONVERSION = YES;
				GCC_WARN_ABOUT_RETURN_TYPE = YES_ERROR;
				GCC_WARN_UNDECLARED_SELECTOR = YES;
				GCC_WARN_UNINITIALIZED_AUTOS = YES_AGGRESSIVE;
				GCC_WARN_UNUSED_FUNCTION = YES;
				GCC_WARN_UNUSED_VARIABLE = YES;
				LOCALIZATION_PREFERS_STRING_CATALOGS = YES;
				MTL_ENABLE_DEBUG_INFO = NO;
				MTL_FAST_MATH = YES;
				SWIFT_COMPILATION_MODE = wholemodule;
				SWIFT_UPCOMING_FEATURE_GLOBAL_CONCURRENCY = NO;
			};
			name = Release;
		};
		B465B0B02C20044F00C734E9 /* Debug */ = {
			isa = XCBuildConfiguration;
			buildSettings = {
				ASSETCATALOG_COMPILER_APPICON_NAME = AppIcon;
				ASSETCATALOG_COMPILER_GLOBAL_ACCENT_COLOR_NAME = AccentColor;
				CODE_SIGN_ENTITLEMENTS = TimeKeeper/TimeKeeper.entitlements;
				CODE_SIGN_STYLE = Automatic;
				CURRENT_PROJECT_VERSION = 1;
				DEAD_CODE_STRIPPING = YES;
				DEVELOPMENT_ASSET_PATHS = "\"TimeKeeper/Preview Content\"";
				DEVELOPMENT_TEAM = RE4SHLL9XY;
				ENABLE_HARDENED_RUNTIME = YES;
				ENABLE_PREVIEWS = YES;
				GENERATE_INFOPLIST_FILE = YES;
				"INFOPLIST_KEY_UIApplicationSceneManifest_Generation[sdk=iphoneos*]" = YES;
				"INFOPLIST_KEY_UIApplicationSceneManifest_Generation[sdk=iphonesimulator*]" = YES;
				"INFOPLIST_KEY_UIApplicationSupportsIndirectInputEvents[sdk=iphoneos*]" = YES;
				"INFOPLIST_KEY_UIApplicationSupportsIndirectInputEvents[sdk=iphonesimulator*]" = YES;
				"INFOPLIST_KEY_UILaunchScreen_Generation[sdk=iphoneos*]" = YES;
				"INFOPLIST_KEY_UILaunchScreen_Generation[sdk=iphonesimulator*]" = YES;
				"INFOPLIST_KEY_UIStatusBarStyle[sdk=iphoneos*]" = UIStatusBarStyleDefault;
				"INFOPLIST_KEY_UIStatusBarStyle[sdk=iphonesimulator*]" = UIStatusBarStyleDefault;
				INFOPLIST_KEY_UISupportedInterfaceOrientations_iPad = "UIInterfaceOrientationPortrait UIInterfaceOrientationPortraitUpsideDown UIInterfaceOrientationLandscapeLeft UIInterfaceOrientationLandscapeRight";
				INFOPLIST_KEY_UISupportedInterfaceOrientations_iPhone = "UIInterfaceOrientationPortrait UIInterfaceOrientationLandscapeLeft UIInterfaceOrientationLandscapeRight";
				IPHONEOS_DEPLOYMENT_TARGET = 18.0;
				LD_RUNPATH_SEARCH_PATHS = "@executable_path/Frameworks";
				"LD_RUNPATH_SEARCH_PATHS[sdk=macosx*]" = "@executable_path/../Frameworks";
				MACOSX_DEPLOYMENT_TARGET = 15.0;
				MARKETING_VERSION = 1.0;
				PRODUCT_BUNDLE_IDENTIFIER = com.minaashna.TimeKeeper;
				PRODUCT_NAME = "$(TARGET_NAME)";
				SDKROOT = auto;
				SUPPORTED_PLATFORMS = "iphoneos iphonesimulator macosx";
				SWIFT_EMIT_LOC_STRINGS = YES;
				SWIFT_VERSION = 6.0;
				TARGETED_DEVICE_FAMILY = "1,2";
			};
			name = Debug;
		};
		B465B0B12C20044F00C734E9 /* Release */ = {
			isa = XCBuildConfiguration;
			buildSettings = {
				ASSETCATALOG_COMPILER_APPICON_NAME = AppIcon;
				ASSETCATALOG_COMPILER_GLOBAL_ACCENT_COLOR_NAME = AccentColor;
				CODE_SIGN_ENTITLEMENTS = TimeKeeper/TimeKeeper.entitlements;
				CODE_SIGN_STYLE = Automatic;
				CURRENT_PROJECT_VERSION = 1;
				DEAD_CODE_STRIPPING = YES;
				DEVELOPMENT_ASSET_PATHS = "\"TimeKeeper/Preview Content\"";
				DEVELOPMENT_TEAM = RE4SHLL9XY;
				ENABLE_HARDENED_RUNTIME = YES;
				ENABLE_PREVIEWS = YES;
				GENERATE_INFOPLIST_FILE = YES;
				"INFOPLIST_KEY_UIApplicationSceneManifest_Generation[sdk=iphoneos*]" = YES;
				"INFOPLIST_KEY_UIApplicationSceneManifest_Generation[sdk=iphonesimulator*]" = YES;
				"INFOPLIST_KEY_UIApplicationSupportsIndirectInputEvents[sdk=iphoneos*]" = YES;
				"INFOPLIST_KEY_UIApplicationSupportsIndirectInputEvents[sdk=iphonesimulator*]" = YES;
				"INFOPLIST_KEY_UILaunchScreen_Generation[sdk=iphoneos*]" = YES;
				"INFOPLIST_KEY_UILaunchScreen_Generation[sdk=iphonesimulator*]" = YES;
				"INFOPLIST_KEY_UIStatusBarStyle[sdk=iphoneos*]" = UIStatusBarStyleDefault;
				"INFOPLIST_KEY_UIStatusBarStyle[sdk=iphonesimulator*]" = UIStatusBarStyleDefault;
				INFOPLIST_KEY_UISupportedInterfaceOrientations_iPad = "UIInterfaceOrientationPortrait UIInterfaceOrientationPortraitUpsideDown UIInterfaceOrientationLandscapeLeft UIInterfaceOrientationLandscapeRight";
				INFOPLIST_KEY_UISupportedInterfaceOrientations_iPhone = "UIInterfaceOrientationPortrait UIInterfaceOrientationLandscapeLeft UIInterfaceOrientationLandscapeRight";
				IPHONEOS_DEPLOYMENT_TARGET = 18.0;
				LD_RUNPATH_SEARCH_PATHS = "@executable_path/Frameworks";
				"LD_RUNPATH_SEARCH_PATHS[sdk=macosx*]" = "@executable_path/../Frameworks";
				MACOSX_DEPLOYMENT_TARGET = 15.0;
				MARKETING_VERSION = 1.0;
				PRODUCT_BUNDLE_IDENTIFIER = com.minaashna.TimeKeeper;
				PRODUCT_NAME = "$(TARGET_NAME)";
				SDKROOT = auto;
				SUPPORTED_PLATFORMS = "iphoneos iphonesimulator macosx";
				SWIFT_EMIT_LOC_STRINGS = YES;
				SWIFT_VERSION = 6.0;
				TARGETED_DEVICE_FAMILY = "1,2";
			};
			name = Release;
		};
		B465B0B32C20044F00C734E9 /* Debug */ = {
			isa = XCBuildConfiguration;
			buildSettings = {
				BUNDLE_LOADER = "$(TEST_HOST)";
				CODE_SIGN_STYLE = Automatic;
				CURRENT_PROJECT_VERSION = 1;
				DEAD_CODE_STRIPPING = YES;
				DEVELOPMENT_TEAM = RE4SHLL9XY;
				GENERATE_INFOPLIST_FILE = YES;
				IPHONEOS_DEPLOYMENT_TARGET = 17.2;
				MACOSX_DEPLOYMENT_TARGET = 14.2;
				MARKETING_VERSION = 1.0;
				PRODUCT_BUNDLE_IDENTIFIER = com.minaashna.TimeKeeperTests;
				PRODUCT_NAME = "$(TARGET_NAME)";
				SDKROOT = auto;
				SUPPORTED_PLATFORMS = "iphoneos iphonesimulator macosx";
				SWIFT_EMIT_LOC_STRINGS = NO;
				SWIFT_VERSION = 6.0;
				TARGETED_DEVICE_FAMILY = "1,2";
				TEST_HOST = "$(BUILT_PRODUCTS_DIR)/TimeKeeper.app/$(BUNDLE_EXECUTABLE_FOLDER_PATH)/TimeKeeper";
			};
			name = Debug;
		};
		B465B0B42C20044F00C734E9 /* Release */ = {
			isa = XCBuildConfiguration;
			buildSettings = {
				BUNDLE_LOADER = "$(TEST_HOST)";
				CODE_SIGN_STYLE = Automatic;
				CURRENT_PROJECT_VERSION = 1;
				DEAD_CODE_STRIPPING = YES;
				DEVELOPMENT_TEAM = RE4SHLL9XY;
				GENERATE_INFOPLIST_FILE = YES;
				IPHONEOS_DEPLOYMENT_TARGET = 17.2;
				MACOSX_DEPLOYMENT_TARGET = 14.2;
				MARKETING_VERSION = 1.0;
				PRODUCT_BUNDLE_IDENTIFIER = com.minaashna.TimeKeeperTests;
				PRODUCT_NAME = "$(TARGET_NAME)";
				SDKROOT = auto;
				SUPPORTED_PLATFORMS = "iphoneos iphonesimulator macosx";
				SWIFT_EMIT_LOC_STRINGS = NO;
				SWIFT_VERSION = 6.0;
				TARGETED_DEVICE_FAMILY = "1,2";
				TEST_HOST = "$(BUILT_PRODUCTS_DIR)/TimeKeeper.app/$(BUNDLE_EXECUTABLE_FOLDER_PATH)/TimeKeeper";
			};
			name = Release;
		};
		B465B0B62C20044F00C734E9 /* Debug */ = {
			isa = XCBuildConfiguration;
			buildSettings = {
				CODE_SIGN_STYLE = Automatic;
				CURRENT_PROJECT_VERSION = 1;
				DEAD_CODE_STRIPPING = YES;
				DEVELOPMENT_TEAM = RE4SHLL9XY;
				GENERATE_INFOPLIST_FILE = YES;
				IPHONEOS_DEPLOYMENT_TARGET = 17.2;
				MACOSX_DEPLOYMENT_TARGET = 14.2;
				MARKETING_VERSION = 1.0;
				PRODUCT_BUNDLE_IDENTIFIER = com.minaashna.TimeKeeperUITests;
				PRODUCT_NAME = "$(TARGET_NAME)";
				SDKROOT = auto;
				SUPPORTED_PLATFORMS = "iphoneos iphonesimulator macosx";
				SWIFT_EMIT_LOC_STRINGS = NO;
				SWIFT_VERSION = 6.0;
				TARGETED_DEVICE_FAMILY = "1,2";
				TEST_TARGET_NAME = TimeKeeper;
			};
			name = Debug;
		};
		B465B0B72C20044F00C734E9 /* Release */ = {
			isa = XCBuildConfiguration;
			buildSettings = {
				CODE_SIGN_STYLE = Automatic;
				CURRENT_PROJECT_VERSION = 1;
				DEAD_CODE_STRIPPING = YES;
				DEVELOPMENT_TEAM = RE4SHLL9XY;
				GENERATE_INFOPLIST_FILE = YES;
				IPHONEOS_DEPLOYMENT_TARGET = 17.2;
				MACOSX_DEPLOYMENT_TARGET = 14.2;
				MARKETING_VERSION = 1.0;
				PRODUCT_BUNDLE_IDENTIFIER = com.minaashna.TimeKeeperUITests;
				PRODUCT_NAME = "$(TARGET_NAME)";
				SDKROOT = auto;
				SUPPORTED_PLATFORMS = "iphoneos iphonesimulator macosx";
				SWIFT_EMIT_LOC_STRINGS = NO;
				SWIFT_VERSION = 6.0;
				TARGETED_DEVICE_FAMILY = "1,2";
				TEST_TARGET_NAME = TimeKeeper;
			};
			name = Release;
		};
/* End XCBuildConfiguration section */

/* Begin XCConfigurationList section */
		B464913B2C39846500152BFD /* Build configuration list for PBXNativeTarget "KeeperWidgetExtension" */ = {
			isa = XCConfigurationList;
			buildConfigurations = (
				B464913C2C39846500152BFD /* Debug */,
				B464913D2C39846500152BFD /* Release */,
			);
			defaultConfigurationIsVisible = 0;
			defaultConfigurationName = Release;
		};
		B465B0852C20044D00C734E9 /* Build configuration list for PBXProject "TimeKeeper" */ = {
			isa = XCConfigurationList;
			buildConfigurations = (
				B465B0AD2C20044F00C734E9 /* Debug */,
				B465B0AE2C20044F00C734E9 /* Release */,
			);
			defaultConfigurationIsVisible = 0;
			defaultConfigurationName = Release;
		};
		B465B0AF2C20044F00C734E9 /* Build configuration list for PBXNativeTarget "TimeKeeper" */ = {
			isa = XCConfigurationList;
			buildConfigurations = (
				B465B0B02C20044F00C734E9 /* Debug */,
				B465B0B12C20044F00C734E9 /* Release */,
			);
			defaultConfigurationIsVisible = 0;
			defaultConfigurationName = Release;
		};
		B465B0B22C20044F00C734E9 /* Build configuration list for PBXNativeTarget "TimeKeeperTests" */ = {
			isa = XCConfigurationList;
			buildConfigurations = (
				B465B0B32C20044F00C734E9 /* Debug */,
				B465B0B42C20044F00C734E9 /* Release */,
			);
			defaultConfigurationIsVisible = 0;
			defaultConfigurationName = Release;
		};
		B465B0B52C20044F00C734E9 /* Build configuration list for PBXNativeTarget "TimeKeeperUITests" */ = {
			isa = XCConfigurationList;
			buildConfigurations = (
				B465B0B62C20044F00C734E9 /* Debug */,
				B465B0B72C20044F00C734E9 /* Release */,
			);
			defaultConfigurationIsVisible = 0;
			defaultConfigurationName = Release;
		};
/* End XCConfigurationList section */
	};
	rootObject = B465B0822C20044D00C734E9 /* Project object */;
}
